#MicroXplorer Configuration settings - do not modify
Mcu.Family=STM32F7
ProjectManager.MainLocation=Core/Src
RCC.I2SFreq_Value=96000000
ProjectManager.ProjectFileName=TIMER.ioc
RCC.SAI1Freq_Value=96000000
TIM2.Channel-Input_Capture1_from_TI1=TIM_CHANNEL_1
RCC.UART7Freq_Value=16000000
ProjectManager.KeepUserCode=true
Mcu.UserName=STM32F756ZGTx
Mcu.PinsNb=4
ProjectManager.NoMain=false
RCC.PLLCLKFreq_Value=96000000
RCC.PLLQCLKFreq_Value=96000000
ProjectManager.functionlistsort=1-MX_GPIO_Init-GPIO-false-HAL-true,2-SystemClock_Config-RCC-false-HAL-false,3-MX_TIM2_Init-TIM2-false-HAL-true,0-MX_CORTEX_M7_Init-CORTEX_M7-false-HAL-true
PA0/WKUP.Signal=S_TIM2_CH1_ETR
ProjectManager.DefaultFWLocation=true
RCC.PLLI2SRCLKFreq_Value=96000000
RCC.USART2Freq_Value=16000000
ProjectManager.DeletePrevious=true
RCC.UART8Freq_Value=16000000
RCC.LCDTFToutputFreq_Value=48000000
SH.S_TIM2_CH1_ETR.ConfNb=1
PinOutPanel.RotationAngle=0
RCC.FamilyName=M
ProjectManager.StackSize=0x400
RCC.I2C3Freq_Value=16000000
RCC.LPTIM1Freq_Value=16000000
Mcu.IP4=TIM2
Mcu.IP2=RCC
NVIC.SVCall_IRQn=true\:0\:0\:false\:false\:true\:false\:false
Mcu.IP3=SYS
Mcu.IP0=CORTEX_M7
Mcu.IP1=NVIC
Mcu.UserConstants=
ProjectManager.TargetToolchain=STM32CubeIDE
RCC.SDMMCFreq_Value=16000000
Mcu.ThirdPartyNb=0
PB7.GPIOParameters=GPIO_Label
RCC.I2C4Freq_Value=16000000
Mcu.IPNb=5
TIM2.IPParameters=Prescaler,Period,Channel-Input_Capture1_from_TI1
ProjectManager.PreviousToolchain=STM32CubeIDE
RCC.SPDIFRXFreq_Value=96000000
RCC.SAI2Freq_Value=96000000
VP_TIM2_VS_ClockSourceINT.Signal=TIM2_VS_ClockSourceINT
ProjectManager.RegisterCallBack=
RCC.USBFreq_Value=96000000
RCC.VCOSAIOutputFreq_Value=192000000
RCC.PLLSAIoutputFreq_Value=96000000
RCC.LSE_VALUE=32768
Mcu.Pin0=PA0/WKUP
Mcu.Pin1=PB7
GPIO.groupedBy=
Mcu.Pin2=VP_SYS_VS_Systick
RCC.USART3Freq_Value=16000000
Mcu.Pin3=VP_TIM2_VS_ClockSourceINT
RCC.VCOI2SOutputFreq_Value=192000000
RCC.PLLSAIRCLKFreq_Value=96000000
ProjectManager.ProjectBuild=false
RCC.HSE_VALUE=25000000
NVIC.UsageFault_IRQn=true\:0\:0\:false\:false\:true\:false\:false
NVIC.DebugMonitor_IRQn=true\:0\:0\:false\:false\:true\:false\:false
RCC.PLLSAIPCLKFreq_Value=96000000
board=custom
RCC.VCOOutputFreq_Value=192000000
NVIC.SysTick_IRQn=true\:0\:0\:false\:false\:true\:false\:true
ProjectManager.LastFirmware=true
ProjectManager.FirmwarePackage=STM32Cube FW_F7 V1.16.0
MxDb.Version=DB.6.0.10
RCC.UART4Freq_Value=16000000
ProjectManager.BackupPrevious=false
MxCube.Version=6.1.1
RCC.VCOInputFreq_Value=1000000
VP_TIM2_VS_ClockSourceINT.Mode=Internal
RCC.I2C1Freq_Value=16000000
RCC.PLLI2SPCLKFreq_Value=96000000
RCC.RNGFreq_Value=96000000
NVIC.TIM2_IRQn=true\:0\:0\:false\:false\:true\:true\:true
File.Version=6
VP_SYS_VS_Systick.Mode=SysTick
PB7.Signal=GPIO_Output
NVIC.NonMaskableInt_IRQn=true\:0\:0\:false\:false\:true\:false\:false
NVIC.PendSV_IRQn=true\:0\:0\:false\:false\:true\:false\:false
TIM2.Period=4
RCC.UART5Freq_Value=16000000
ProjectManager.FreePins=false
RCC.IPParameters=APB1Freq_Value,APB1TimFreq_Value,CECFreq_Value,FamilyName,HSE_VALUE,HSI_VALUE,I2C1Freq_Value,I2C2Freq_Value,I2C3Freq_Value,I2C4Freq_Value,I2SFreq_Value,LCDTFToutputFreq_Value,LPTIM1Freq_Value,LSE_VALUE,LSI_VALUE,PLLCLKFreq_Value,PLLI2SPCLKFreq_Value,PLLI2SQCLKFreq_Value,PLLI2SRCLKFreq_Value,PLLQCLKFreq_Value,PLLSAIPCLKFreq_Value,PLLSAIQCLKFreq_Value,PLLSAIRCLKFreq_Value,PLLSAIoutputFreq_Value,RNGFreq_Value,SAI1Freq_Value,SAI2Freq_Value,SDMMCFreq_Value,SPDIFRXFreq_Value,UART4Freq_Value,UART5Freq_Value,UART7Freq_Value,UART8Freq_Value,USART2Freq_Value,USART3Freq_Value,USBFreq_Value,VCOI2SOutputFreq_Value,VCOInputFreq_Value,VCOOutputFreq_Value,VCOSAIOutputFreq_Value
ProjectManager.AskForMigrate=true
Mcu.Name=STM32F756ZGTx
RCC.PLLI2SQCLKFreq_Value=96000000
ProjectManager.HalAssertFull=false
ProjectManager.ProjectName=TIMER
ProjectManager.UnderRoot=true
ProjectManager.CoupleFile=false
PB7.GPIO_Label=LED_BLUE
Mcu.Package=LQFP144
TIM2.Prescaler=32000-1
NVIC.ForceEnableDMAVector=true
KeepUserPlacement=false
NVIC.MemoryManagement_IRQn=true\:0\:0\:false\:false\:true\:false\:false
ProjectManager.CompilerOptimize=6
ProjectManager.ToolChainLocation=
RCC.LSI_VALUE=32000
VP_SYS_VS_Systick.Signal=SYS_VS_Systick
SH.S_TIM2_CH1_ETR.0=TIM2_CH1,Input_Capture1_from_TI1
ProjectManager.HeapSize=0x200
NVIC.HardFault_IRQn=true\:0\:0\:false\:false\:true\:false\:false
ProjectManager.ComputerToolchain=false
RCC.HSI_VALUE=16000000
NVIC.PriorityGroup=NVIC_PRIORITYGROUP_4
RCC.CECFreq_Value=32786.88524590164
PB7.Locked=true
RCC.APB1TimFreq_Value=16000000
NVIC.BusFault_IRQn=true\:0\:0\:false\:false\:true\:false\:false
RCC.I2C2Freq_Value=16000000
RCC.APB1Freq_Value=16000000
ProjectManager.CustomerFirmwarePackage=
ProjectManager.DeviceId=STM32F756ZGTx
ProjectManager.LibraryCopy=1
RCC.PLLSAIQCLKFreq_Value=96000000
